
Microsoft Visual Studio Solution File, Format Version 12.00
# Visual Studio Version 17
VisualStudioVersion = 17.3.32929.385
MinimumVisualStudioVersion = 10.0.40219.1
Project("{FAE04EC0-301F-11D3-BF4B-00C04F79EFBC}") = "TechPortalServer", "TechPortalServer\TechPortalServer.csproj", "{F1AA04B8-D563-4863-A3AD-BB8DDE59AAEE}"
EndProject
Global
	GlobalSection(SolutionConfigurationPlatforms) = preSolution
		Debug|Any CPU = Debug|Any CPU
		Release|Any CPU = Release|Any CPU
	EndGlobalSection
	GlobalSection(ProjectConfigurationPlatforms) = postSolution
		{F1AA04B8-D563-4863-A3AD-BB8DDE59AAEE}.Debug|Any CPU.ActiveCfg = Debug|Any CPU
		{F1AA04B8-D563-4863-A3AD-BB8DDE59AAEE}.Debug|Any CPU.Build.0 = Debug|Any CPU
		{F1AA04B8-D563-4863-A3AD-BB8DDE59AAEE}.Release|Any CPU.ActiveCfg = Release|Any CPU
		{F1AA04B8-D563-4863-A3AD-BB8DDE59AAEE}.Release|Any CPU.Build.0 = Release|Any CPU
	EndGlobalSection
	GlobalSection(SolutionProperties) = preSolution
		HideSolutionNode = FALSE
	EndGlobalSection
	GlobalSection(ExtensibilityGlobals) = postSolution
		SolutionGuid = {59EEE738-BC20-4C53-839C-CBED0FED9B42}
	EndGlobalSection
EndGlobal
